{
  "name": "torsk",
  "lockfileVersion": 3,
  "requires": true,
  "packages": {
    "": {
      "dependencies": {
        "@fontsource/lato": "^4.5.10"
      }
    },
    "node_modules/@fontsource/lato": {
      "version": "4.5.10",
      "resolved": "https://registry.npmjs.org/@fontsource/lato/-/lato-4.5.10.tgz",
      "integrity": "sha512-2hYR6r661Cq9B8zugtu6yxuOKqrVhAgfOSaPSq8XoxbC4ebsl0KOTy/vPoP+9U7JuQVLfrmikirW4a9Z0nDUug=="
    }
  }
}
